{
  "object": {
    "pins": [
      {
        "package": "SwiftFormat",
        "repositoryURL": "https://github.com/nicklockwood/SwiftFormat",
        "state": {
          "branch": null,
          "revision": "665c3c58923ee8ac36d3e44b17dc185229cce301",
          "version": "0.49.13"
        }
      }
    ]
  },
  "version": 1
}
